// !$*UTF8*$!
{
	archiveVersion = 1;
	classes = {
	};
	objectVersion = 46;
	objects = {

/* Begin PBXBuildFile section */
		CEB626781C225BE300B37FCE /* FavoriteScaleView.swift in Sources */ = {isa = PBXBuildFile; fileRef = CEB626771C225BE300B37FCE /* FavoriteScaleView.swift */; };
		CECBC4261C216EA0007ACC65 /* AppDelegate.swift in Sources */ = {isa = PBXBuildFile; fileRef = CECBC4251C216EA0007ACC65 /* AppDelegate.swift */; };
		CECBC4281C216EA0007ACC65 /* ViewController.swift in Sources */ = {isa = PBXBuildFile; fileRef = CECBC4271C216EA0007ACC65 /* ViewController.swift */; };
		CECBC42B1C216EA0007ACC65 /* Main.storyboard in Resources */ = {isa = PBXBuildFile; fileRef = CECBC4291C216EA0007ACC65 /* Main.storyboard */; };
		CECBC42D1C216EA0007ACC65 /* Assets.xcassets in Resources */ = {isa = PBXBuildFile; fileRef = CECBC42C1C216EA0007ACC65 /* Assets.xcassets */; };
		CECBC4301C216EA0007ACC65 /* LaunchScreen.storyboard in Resources */ = {isa = PBXBuildFile; fileRef = CECBC42E1C216EA0007ACC65 /* LaunchScreen.storyboard */; };
/* End PBXBuildFile section */

/* Begin PBXFileReference section */
		CEB626771C225BE300B37FCE /* FavoriteScaleView.swift */ = {isa = PBXFileReference; fileEncoding = 4; lastKnownFileType = sourcecode.swift; path = FavoriteScaleView.swift; sourceTree = "<group>"; };
		CECBC4221C216EA0007ACC65 /* FavoriteScale-Swift.app */ = {isa = PBXFileReference; explicitFileType = wrapper.application; includeInIndex = 0; path = "FavoriteScale-Swift.app"; sourceTree = BUILT_PRODUCTS_DIR; };
		CECBC4251C216EA0007ACC65 /* AppDelegate.swift */ = {isa = PBXFileReference; lastKnownFileType = sourcecode.swift; path = AppDelegate.swift; sourceTree = "<group>"; };
		CECBC4271C216EA0007ACC65 /* ViewController.swift */ = {isa = PBXFileReference; lastKnownFileType = sourcecode.swift; path = ViewController.swift; sourceTree = "<group>"; };
		CECBC42A1C216EA0007ACC65 /* Base */ = {isa = PBXFileReference; lastKnownFileType = file.storyboard; name = Base; path = Base.lproj/Main.storyboard; sourceTree = "<group>"; };
		CECBC42C1C216EA0007ACC65 /* Assets.xcassets */ = {isa = PBXFileReference; lastKnownFileType = folder.assetcatalog; path = Assets.xcassets; sourceTree = "<group>"; };
		CECBC42F1C216EA0007ACC65 /* Base */ = {isa = PBXFileReference; lastKnownFileType = file.storyboard; name = Base; path = Base.lproj/LaunchScreen.storyboard; sourceTree = "<group>"; };
		CECBC4311C216EA0007ACC65 /* Info.plist */ = {isa = PBXFileReference; lastKnownFileType = text.plist.xml; path = Info.plist; sourceTree = "<group>"; };
/* End PBXFileReference section */

/* Begin PBXFrameworksBuildPhase section */
		CECBC41F1C216EA0007ACC65 /* Frameworks */ = {
			isa = PBXFrameworksBuildPhase;
			buildActionMask = 2147483647;
			files = (
			);
			runOnlyForDeploymentPostprocessing = 0;
		};
/* End PBXFrameworksBuildPhase section */

/* Begin PBXGroup section */
		CEB626761C225B7500B37FCE /* FavoriteScacleView */ = {
			isa = PBXGroup;
			children = (
				CEB626771C225BE300B37FCE /* FavoriteScaleView.swift */,
			);
			name = FavoriteScacleView;
			sourceTree = "<group>";
		};
		CECBC4191C216EA0007ACC65 = {
			isa = PBXGroup;
			children = (
				CECBC4241C216EA0007ACC65 /* FavoriteScale-Swift */,
				CECBC4231C216EA0007ACC65 /* Products */,
			);
			sourceTree = "<group>";
		};
		CECBC4231C216EA0007ACC65 /* Products */ = {
			isa = PBXGroup;
			children = (
				CECBC4221C216EA0007ACC65 /* FavoriteScale-Swift.app */,
			);
			name = Products;
			sourceTree = "<group>";
		};
		CECBC4241C216EA0007ACC65 /* FavoriteScale-Swift */ = {
			isa = PBXGroup;
			children = (
				CEB626761C225B7500B37FCE /* FavoriteScacleView */,
				CECBC4251C216EA0007ACC65 /* AppDelegate.swift */,
				CECBC4271C216EA0007ACC65 /* ViewController.swift */,
				CECBC4291C216EA0007ACC65 /* Main.storyboard */,
				CECBC42C1C216EA0007ACC65 /* Assets.xcassets */,
				CECBC42E1C216EA0007ACC65 /* LaunchScreen.storyboard */,
				CECBC4311C216EA0007ACC65 /* Info.plist */,
			);
			path = "FavoriteScale-Swift";
			sourceTree = "<group>";
		};
/* End PBXGroup section */

/* Begin PBXNativeTarget section */
		CECBC4211C216EA0007ACC65 /* FavoriteScale-Swift */ = {
			isa = PBXNativeTarget;
			buildConfigurationList = CECBC4341C216EA0007ACC65 /* Build configuration list for PBXNativeTarget "FavoriteScale-Swift" */;
			buildPhases = (
				CECBC41E1C216EA0007ACC65 /* Sources */,
				CECBC41F1C216EA0007ACC65 /* Frameworks */,
				CECBC4201C216EA0007ACC65 /* Resources */,
			);
			buildRules = (
			);
			dependencies = (
			);
			name = "FavoriteScale-Swift";
			productName = "FavoriteScale-Swift";
			productReference = CECBC4221C216EA0007ACC65 /* FavoriteScale-Swift.app */;
			productType = "com.apple.product-type.application";
		};
/* End PBXNativeTarget section */

/* Begin PBXProject section */
		CECBC41A1C216EA0007ACC65 /* Project object */ = {
			isa = PBXProject;
			attributes = {
				LastSwiftUpdateCheck = 0710;
				LastUpgradeCheck = 0710;
				ORGANIZATIONNAME = dailyios;
				TargetAttributes = {
					CECBC4211C216EA0007ACC65 = {
						CreatedOnToolsVersion = 7.1;
					};
				};
			};
			buildConfigurationList = CECBC41D1C216EA0007ACC65 /* Build configuration list for PBXProject "FavoriteScale-Swift" */;
			compatibilityVersion = "Xcode 3.2";
			developmentRegion = English;
			hasScannedForEncodings = 0;
			knownRegions = (
				en,
				Base,
			);
			mainGroup = CECBC4191C216EA0007ACC65;
			productRefGroup = CECBC4231C216EA0007ACC65 /* Products */;
			projectDirPath = "";
			projectRoot = "";
			targets = (
				CECBC4211C216EA0007ACC65 /* FavoriteScale-Swift */,
			);
		};
/* End PBXProject section */

/* Begin PBXResourcesBuildPhase section */
		CECBC4201C216EA0007ACC65 /* Resources */ = {
			isa = PBXResourcesBuildPhase;
			buildActionMask = 2147483647;
			files = (
				CECBC4301C216EA0007ACC65 /* LaunchScreen.storyboard in Resources */,
				CECBC42D1C216EA0007ACC65 /* Assets.xcassets in Resources */,
				CECBC42B1C216EA0007ACC65 /* Main.storyboard in Resources */,
			);
			runOnlyForDeploymentPostprocessing = 0;
		};
/* End PBXResourcesBuildPhase section */

/* Begin PBXSourcesBuildPhase section */
		CECBC41E1C216EA0007ACC65 /* Sources */ = {
			isa = PBXSourcesBuildPhase;
			buildActionMask = 2147483647;
			files = (
				CECBC4281C216EA0007ACC65 /* ViewController.swift in Sources */,
				CEB626781C225BE300B37FCE /* FavoriteScaleView.swift in Sources */,
				CECBC4261C216EA0007ACC65 /* AppDelegate.swift in Sources */,
			);
			runOnlyForDeploymentPostprocessing = 0;
		};
/* End PBXSourcesBuildPhase section */

/* Begin PBXVariantGroup section */
		CECBC4291C216EA0007ACC65 /* Main.storyboard */ = {
			isa = PBXVariantGroup;
			children = (
				CECBC42A1C216EA0007ACC65 /* Base */,
			);
			name = Main.storyboard;
			sourceTree = "<group>";
		};
		CECBC42E1C216EA0007ACC65 /* LaunchScreen.storyboard */ = {
			isa = PBXVariantGroup;
			children = (
				CECBC42F1C216EA0007ACC65 /* Base */,
			);
			name = LaunchScreen.storyboard;
			sourceTree = "<group>";
		};
/* End PBXVariantGroup section */

/* Begin XCBuildConfiguration section */
		CECBC4321C216EA0007ACC65 /* Debug */ = {
			isa = XCBuildConfiguration;
			buildSettings = {
				ALWAYS_SEARCH_USER_PATHS = NO;
				CLANG_CXX_LANGUAGE_STANDARD = "gnu++0x";
				CLANG_CXX_LIBRARY = "libc++";
				CLANG_ENABLE_MODULES = YES;
				CLANG_ENABLE_OBJC_ARC = YES;
				CLANG_WARN_BOOL_CONVERSION = YES;
				CLANG_WARN_CONSTANT_CONVERSION = YES;
				CLANG_WARN_DIRECT_OBJC_ISA_USAGE = YES_ERROR;
				CLANG_WARN_EMPTY_BODY = YES;
				CLANG_WARN_ENUM_CONVERSION = YES;
				CLANG_WARN_INT_CONVERSION = YES;
				CLANG_WARN_OBJC_ROOT_CLASS = YES_ERROR;
				CLANG_WARN_UNREACHABLE_CODE = YES;
				CLANG_WARN__DUPLICATE_METHOD_MATCH = YES;
				"CODE_SIGN_IDENTITY[sdk=iphoneos*]" = "iPhone Developer";
				COPY_PHASE_STRIP = NO;
				DEBUG_INFORMATION_FORMAT = dwarf;
				ENABLE_STRICT_OBJC_MSGSEND = YES;
				ENABLE_TESTABILITY = YES;
				GCC_C_LANGUAGE_STANDARD = gnu99;
				GCC_DYNAMIC_NO_PIC = NO;
				GCC_NO_COMMON_BLOCKS = YES;
				GCC_OPTIMIZATION_LEVEL = 0;
				GCC_PREPROCESSOR_DEFINITIONS = (
					"DEBUG=1",
					"$(inherited)",
				);
				GCC_WARN_64_TO_32_BIT_CONVERSION = YES;
				GCC_WARN_ABOUT_RETURN_TYPE = YES_ERROR;
				GCC_WARN_UNDECLARED_SELECTOR = YES;
				GCC_WARN_UNINITIALIZED_AUTOS = YES_AGGRESSIVE;
				GCC_WARN_UNUSED_FUNCTION = YES;
				GCC_WARN_UNUSED_VARIABLE = YES;
				IPHONEOS_DEPLOYMENT_TARGET = 9.1;
				MTL_ENABLE_DEBUG_INFO = YES;
				ONLY_ACTIVE_ARCH = YES;
				SDKROOT = iphoneos;
				SWIFT_OPTIMIZATION_LEVEL = "-Onone";
			};
			name = Debug;
		};
		CECBC4331C216EA0007ACC65 /* Release */ = {
			isa = XCBuildConfiguration;
			buildSettings = {
				ALWAYS_SEARCH_USER_PATHS = NO;
				CLANG_CXX_LANGUAGE_STANDARD = "gnu++0x";
				CLANG_CXX_LIBRARY = "libc++";
				CLANG_ENABLE_MODULES = YES;
				CLANG_ENABLE_OBJC_ARC = YES;
				CLANG_WARN_BOOL_CONVERSION = YES;
				CLANG_WARN_CONSTANT_CONVERSION = YES;
				CLANG_WARN_DIRECT_OBJC_ISA_USAGE = YES_ERROR;
				CLANG_WARN_EMPTY_BODY = YES;
				CLANG_WARN_ENUM_CONVERSION = YES;
				CLANG_WARN_INT_CONVERSION = YES;
				CLANG_WARN_OBJC_ROOT_CLASS = YES_ERROR;
				CLANG_WARN_UNREACHABLE_CODE = YES;
				CLANG_WARN__DUPLICATE_METHOD_MATCH = YES;
				"CODE_SIGN_IDENTITY[sdk=iphoneos*]" = "iPhone Developer";
				COPY_PHASE_STRIP = NO;
				DEBUG_INFORMATION_FORMAT = "dwarf-with-dsym";
				ENABLE_NS_ASSERTIONS = NO;
				ENABLE_STRICT_OBJC_MSGSEND = YES;
				GCC_C_LANGUAGE_STANDARD = gnu99;
				GCC_NO_COMMON_BLOCKS = YES;
				GCC_WARN_64_TO_32_BIT_CONVERSION = YES;
				GCC_WARN_ABOUT_RETURN_TYPE = YES_ERROR;
				GCC_WARN_UNDECLARED_SELECTOR = YES;
				GCC_WARN_UNINITIALIZED_AUTOS = YES_AGGRESSIVE;
				GCC_WARN_UNUSED_FUNCTION = YES;
				GCC_WARN_UNUSED_VARIABLE = YES;
				IPHONEOS_DEPLOYMENT_TARGET = 9.1;
				MTL_ENABLE_DEBUG_INFO = NO;
				SDKROOT = iphoneos;
				VALIDATE_PRODUCT = YES;
			};
			name = Release;
		};
		CECBC4351C216EA0007ACC65 /* Debug */ = {
			isa = XCBuildConfiguration;
			buildSettings = {
				ASSETCATALOG_COMPILER_APPICON_NAME = AppIcon;
				INFOPLIST_FILE = "FavoriteScale-Swift/Info.plist";
				LD_RUNPATH_SEARCH_PATHS = "$(inherited) @executable_path/Frameworks";
				PRODUCT_BUNDLE_IDENTIFIER = "com.dailyios.FavoriteScale-Swift";
				PRODUCT_NAME = "$(TARGET_NAME)";
			};
			name = Debug;
		};
		CECBC4361C216EA0007ACC65 /* Release */ = {
			isa = XCBuildConfiguration;
			buildSettings = {
				ASSETCATALOG_COMPILER_APPICON_NAME = AppIcon;
				INFOPLIST_FILE = "FavoriteScale-Swift/Info.plist";
				LD_RUNPATH_SEARCH_PATHS = "$(inherited) @executable_path/Frameworks";
				PRODUCT_BUNDLE_IDENTIFIER = "com.dailyios.FavoriteScale-Swift";
				PRODUCT_NAME = "$(TARGET_NAME)";
			};
			name = Release;
		};
/* End XCBuildConfiguration section */

/* Begin XCConfigurationList section */
		CECBC41D1C216EA0007ACC65 /* Build configuration list for PBXProject "FavoriteScale-Swift" */ = {
			isa = XCConfigurationList;
			buildConfigurations = (
				CECBC4321C216EA0007ACC65 /* Debug */,
				CECBC4331C216EA0007ACC65 /* Release */,
			);
			defaultConfigurationIsVisible = 0;
			defaultConfigurationName = Release;
		};
		CECBC4341C216EA0007ACC65 /* Build configuration list for PBXNativeTarget "FavoriteScale-Swift" */ = {
			isa = XCConfigurationList;
			buildConfigurations = (
				CECBC4351C216EA0007ACC65 /* Debug */,
				CECBC4361C216EA0007ACC65 /* Release */,
			);
			defaultConfigurationIsVisible = 0;
			defaultConfigurationName = Release;
		};
/* End XCConfigurationList section */
	};
	rootObject = CECBC41A1C216EA0007ACC65 /* Project object */;
}
